
Microsoft Visual Studio Solution File, Format Version 12.00
# Visual Studio 15
VisualStudioVersion = 15.0.27004.2006
MinimumVisualStudioVersion = 10.0.40219.1
Project("{FAE04EC0-301F-11D3-BF4B-00C04F79EFBC}") = "CSharpHomeCase4_2", "CSharpHomeCase4_2.csproj", "{BCEAEB95-9F08-49D2-9DEE-8A3E701C3BD7}"
EndProject
Global
	GlobalSection(SolutionConfigurationPlatforms) = preSolution
		Debug|Any CPU = Debug|Any CPU
		Release|Any CPU = Release|Any CPU
	EndGlobalSection
	GlobalSection(ProjectConfigurationPlatforms) = postSolution
		{BCEAEB95-9F08-49D2-9DEE-8A3E701C3BD7}.Debug|Any CPU.ActiveCfg = Debug|Any CPU
		{BCEAEB95-9F08-49D2-9DEE-8A3E701C3BD7}.Debug|Any CPU.Build.0 = Debug|Any CPU
		{BCEAEB95-9F08-49D2-9DEE-8A3E701C3BD7}.Release|Any CPU.ActiveCfg = Release|Any CPU
		{BCEAEB95-9F08-49D2-9DEE-8A3E701C3BD7}.Release|Any CPU.Build.0 = Release|Any CPU
	EndGlobalSection
	GlobalSection(SolutionProperties) = preSolution
		HideSolutionNode = FALSE
	EndGlobalSection
	GlobalSection(ExtensibilityGlobals) = postSolution
		SolutionGuid = {DA03A8AF-F118-4DA4-8F44-98EBC27B2050}
	EndGlobalSection
EndGlobal
